// !$*UTF8*$!
{
	archiveVersion = 1;
	classes = {
	};
	objectVersion = 55;
	objects = {

/* Begin PBXBuildFile section */
		4BA35C2577391A9E86C4F9F9 /* libPods-NewFeed.a in Frameworks */ = {isa = PBXBuildFile; fileRef = 3E3C47168B6410D7371A184B /* libPods-NewFeed.a */; };
		AD7CC9F528B8B93E00595DD4 /* AppDelegate.swift in Sources */ = {isa = PBXBuildFile; fileRef = AD7CC9F428B8B93E00595DD4 /* AppDelegate.swift */; };
		AD7CC9F928B8B93E00595DD4 /* ACFTopContainerViewController.swift in Sources */ = {isa = PBXBuildFile; fileRef = AD7CC9F828B8B93E00595DD4 /* ACFTopContainerViewController.swift */; };
		AD7CC9FE28B8B94000595DD4 /* Assets.xcassets in Resources */ = {isa = PBXBuildFile; fileRef = AD7CC9FD28B8B94000595DD4 /* Assets.xcassets */; };
		AD7CCA0128B8B94000595DD4 /* LaunchScreen.storyboard in Resources */ = {isa = PBXBuildFile; fileRef = AD7CC9FF28B8B94000595DD4 /* LaunchScreen.storyboard */; };
		ADEFCAB628BDEE010054F9AB /* ACFCameraViewController.swift in Sources */ = {isa = PBXBuildFile; fileRef = ADEFCAB528BDEE010054F9AB /* ACFCameraViewController.swift */; };
		ADEFCAB828BDEE5D0054F9AB /* ACFEntryViewController.swift in Sources */ = {isa = PBXBuildFile; fileRef = ADEFCAB728BDEE5D0054F9AB /* ACFEntryViewController.swift */; };
		ADEFCABA28BDEF8F0054F9AB /* ACFCameraCell.swift in Sources */ = {isa = PBXBuildFile; fileRef = ADEFCAB928BDEF8F0054F9AB /* ACFCameraCell.swift */; };
		ADEFCABC28BDF6640054F9AB /* ACFCameraSectionController.swift in Sources */ = {isa = PBXBuildFile; fileRef = ADEFCABB28BDF6640054F9AB /* ACFCameraSectionController.swift */; };
		ADEFCABE28BDF66F0054F9AB /* ACFFeedSectionController.swift in Sources */ = {isa = PBXBuildFile; fileRef = ADEFCABD28BDF66F0054F9AB /* ACFFeedSectionController.swift */; };
		ADEFCAC228BE57170054F9AB /* ACFSectionController.swift in Sources */ = {isa = PBXBuildFile; fileRef = ADEFCAC128BE57170054F9AB /* ACFSectionController.swift */; };
		ADEFCAC628BE590F0054F9AB /* ACFBaseComponent.swift in Sources */ = {isa = PBXBuildFile; fileRef = ADEFCAC528BE590F0054F9AB /* ACFBaseComponent.swift */; };
		ADEFCAC828BE59620054F9AB /* ACFFeedComponent.swift in Sources */ = {isa = PBXBuildFile; fileRef = ADEFCAC728BE59620054F9AB /* ACFFeedComponent.swift */; };
		ADEFCACA28BE5CB70054F9AB /* SimpleContainer.swift in Sources */ = {isa = PBXBuildFile; fileRef = ADEFCAC928BE5CB70054F9AB /* SimpleContainer.swift */; };
		ADEFCACC28BE5E7F0054F9AB /* ACFSharedModel.swift in Sources */ = {isa = PBXBuildFile; fileRef = ADEFCACB28BE5E7F0054F9AB /* ACFSharedModel.swift */; };
/* End PBXBuildFile section */

/* Begin PBXFileReference section */
		0920CDFA62A5D8009DA3AEB8 /* Pods-NewFeed.release.xcconfig */ = {isa = PBXFileReference; includeInIndex = 1; lastKnownFileType = text.xcconfig; name = "Pods-NewFeed.release.xcconfig"; path = "Target Support Files/Pods-NewFeed/Pods-NewFeed.release.xcconfig"; sourceTree = "<group>"; };
		3E3C47168B6410D7371A184B /* libPods-NewFeed.a */ = {isa = PBXFileReference; explicitFileType = archive.ar; includeInIndex = 0; path = "libPods-NewFeed.a"; sourceTree = BUILT_PRODUCTS_DIR; };
		7EF5CD065073A9EE5D5B65F3 /* Pods-NewFeed.debug.xcconfig */ = {isa = PBXFileReference; includeInIndex = 1; lastKnownFileType = text.xcconfig; name = "Pods-NewFeed.debug.xcconfig"; path = "Target Support Files/Pods-NewFeed/Pods-NewFeed.debug.xcconfig"; sourceTree = "<group>"; };
		AD7CC9F128B8B93E00595DD4 /* NewFeed.app */ = {isa = PBXFileReference; explicitFileType = wrapper.application; includeInIndex = 0; path = NewFeed.app; sourceTree = BUILT_PRODUCTS_DIR; };
		AD7CC9F428B8B93E00595DD4 /* AppDelegate.swift */ = {isa = PBXFileReference; lastKnownFileType = sourcecode.swift; path = AppDelegate.swift; sourceTree = "<group>"; };
		AD7CC9F828B8B93E00595DD4 /* ACFTopContainerViewController.swift */ = {isa = PBXFileReference; lastKnownFileType = sourcecode.swift; path = ACFTopContainerViewController.swift; sourceTree = "<group>"; };
		AD7CC9FD28B8B94000595DD4 /* Assets.xcassets */ = {isa = PBXFileReference; lastKnownFileType = folder.assetcatalog; path = Assets.xcassets; sourceTree = "<group>"; };
		AD7CCA0028B8B94000595DD4 /* Base */ = {isa = PBXFileReference; lastKnownFileType = file.storyboard; name = Base; path = Base.lproj/LaunchScreen.storyboard; sourceTree = "<group>"; };
		AD7CCA0228B8B94000595DD4 /* Info.plist */ = {isa = PBXFileReference; lastKnownFileType = text.plist.xml; path = Info.plist; sourceTree = "<group>"; };
		ADEFCAB528BDEE010054F9AB /* ACFCameraViewController.swift */ = {isa = PBXFileReference; lastKnownFileType = sourcecode.swift; path = ACFCameraViewController.swift; sourceTree = "<group>"; };
		ADEFCAB728BDEE5D0054F9AB /* ACFEntryViewController.swift */ = {isa = PBXFileReference; lastKnownFileType = sourcecode.swift; path = ACFEntryViewController.swift; sourceTree = "<group>"; };
		ADEFCAB928BDEF8F0054F9AB /* ACFCameraCell.swift */ = {isa = PBXFileReference; lastKnownFileType = sourcecode.swift; path = ACFCameraCell.swift; sourceTree = "<group>"; };
		ADEFCABB28BDF6640054F9AB /* ACFCameraSectionController.swift */ = {isa = PBXFileReference; lastKnownFileType = sourcecode.swift; path = ACFCameraSectionController.swift; sourceTree = "<group>"; };
		ADEFCABD28BDF66F0054F9AB /* ACFFeedSectionController.swift */ = {isa = PBXFileReference; lastKnownFileType = sourcecode.swift; path = ACFFeedSectionController.swift; sourceTree = "<group>"; };
		ADEFCAC128BE57170054F9AB /* ACFSectionController.swift */ = {isa = PBXFileReference; lastKnownFileType = sourcecode.swift; path = ACFSectionController.swift; sourceTree = "<group>"; };
		ADEFCAC528BE590F0054F9AB /* ACFBaseComponent.swift */ = {isa = PBXFileReference; lastKnownFileType = sourcecode.swift; path = ACFBaseComponent.swift; sourceTree = "<group>"; };
		ADEFCAC728BE59620054F9AB /* ACFFeedComponent.swift */ = {isa = PBXFileReference; lastKnownFileType = sourcecode.swift; path = ACFFeedComponent.swift; sourceTree = "<group>"; };
		ADEFCAC928BE5CB70054F9AB /* SimpleContainer.swift */ = {isa = PBXFileReference; fileEncoding = 4; lastKnownFileType = sourcecode.swift; path = SimpleContainer.swift; sourceTree = "<group>"; };
		ADEFCACB28BE5E7F0054F9AB /* ACFSharedModel.swift */ = {isa = PBXFileReference; lastKnownFileType = sourcecode.swift; path = ACFSharedModel.swift; sourceTree = "<group>"; };
/* End PBXFileReference section */

/* Begin PBXFrameworksBuildPhase section */
		AD7CC9EE28B8B93E00595DD4 /* Frameworks */ = {
			isa = PBXFrameworksBuildPhase;
			buildActionMask = 2147483647;
			files = (
				4BA35C2577391A9E86C4F9F9 /* libPods-NewFeed.a in Frameworks */,
			);
			runOnlyForDeploymentPostprocessing = 0;
		};
/* End PBXFrameworksBuildPhase section */

/* Begin PBXGroup section */
		4001BFE703631D50A69287FC /* Frameworks */ = {
			isa = PBXGroup;
			children = (
				3E3C47168B6410D7371A184B /* libPods-NewFeed.a */,
			);
			name = Frameworks;
			sourceTree = "<group>";
		};
		A53004D3478667CD0D4D0DB1 /* Pods */ = {
			isa = PBXGroup;
			children = (
				7EF5CD065073A9EE5D5B65F3 /* Pods-NewFeed.debug.xcconfig */,
				0920CDFA62A5D8009DA3AEB8 /* Pods-NewFeed.release.xcconfig */,
			);
			path = Pods;
			sourceTree = "<group>";
		};
		AD7CC9E828B8B93E00595DD4 = {
			isa = PBXGroup;
			children = (
				AD7CC9F328B8B93E00595DD4 /* NewFeed */,
				AD7CC9F228B8B93E00595DD4 /* Products */,
				A53004D3478667CD0D4D0DB1 /* Pods */,
				4001BFE703631D50A69287FC /* Frameworks */,
			);
			sourceTree = "<group>";
		};
		AD7CC9F228B8B93E00595DD4 /* Products */ = {
			isa = PBXGroup;
			children = (
				AD7CC9F128B8B93E00595DD4 /* NewFeed.app */,
			);
			name = Products;
			sourceTree = "<group>";
		};
		AD7CC9F328B8B93E00595DD4 /* NewFeed */ = {
			isa = PBXGroup;
			children = (
				AD7CC9F428B8B93E00595DD4 /* AppDelegate.swift */,
				AD975D3D28BF4CC20054F9AB /* ACF */,
				AD7CC9FD28B8B94000595DD4 /* Assets.xcassets */,
				AD7CC9FF28B8B94000595DD4 /* LaunchScreen.storyboard */,
				AD7CCA0228B8B94000595DD4 /* Info.plist */,
				ADEFCAC928BE5CB70054F9AB /* SimpleContainer.swift */,
			);
			path = NewFeed;
			sourceTree = "<group>";
		};
		AD975D3D28BF4CC20054F9AB /* ACF */ = {
			isa = PBXGroup;
			children = (
				ADEFCACB28BE5E7F0054F9AB /* ACFSharedModel.swift */,
				AD7CC9F828B8B93E00595DD4 /* ACFTopContainerViewController.swift */,
				ADEFCAB528BDEE010054F9AB /* ACFCameraViewController.swift */,
				ADEFCAB728BDEE5D0054F9AB /* ACFEntryViewController.swift */,
				ADEFCAB928BDEF8F0054F9AB /* ACFCameraCell.swift */,
				ADEFCABB28BDF6640054F9AB /* ACFCameraSectionController.swift */,
				ADEFCABD28BDF66F0054F9AB /* ACFFeedSectionController.swift */,
				ADEFCAC128BE57170054F9AB /* ACFSectionController.swift */,
				ADEFCAC528BE590F0054F9AB /* ACFBaseComponent.swift */,
				ADEFCAC728BE59620054F9AB /* ACFFeedComponent.swift */,
			);
			name = ACF;
			sourceTree = "<group>";
		};
/* End PBXGroup section */

/* Begin PBXNativeTarget section */
		AD7CC9F028B8B93E00595DD4 /* NewFeed */ = {
			isa = PBXNativeTarget;
			buildConfigurationList = AD7CCA0528B8B94000595DD4 /* Build configuration list for PBXNativeTarget "NewFeed" */;
			buildPhases = (
				F36B978D98AE8EB944C5E2E5 /* [CP] Check Pods Manifest.lock */,
				AD7CC9ED28B8B93E00595DD4 /* Sources */,
				AD7CC9EE28B8B93E00595DD4 /* Frameworks */,
				AD7CC9EF28B8B93E00595DD4 /* Resources */,
			);
			buildRules = (
			);
			dependencies = (
			);
			name = NewFeed;
			productName = NewFeed;
			productReference = AD7CC9F128B8B93E00595DD4 /* NewFeed.app */;
			productType = "com.apple.product-type.application";
		};
/* End PBXNativeTarget section */

/* Begin PBXProject section */
		AD7CC9E928B8B93E00595DD4 /* Project object */ = {
			isa = PBXProject;
			attributes = {
				BuildIndependentTargetsInParallel = 1;
				LastSwiftUpdateCheck = 1320;
				LastUpgradeCheck = 1320;
				TargetAttributes = {
					AD7CC9F028B8B93E00595DD4 = {
						CreatedOnToolsVersion = 13.2.1;
					};
				};
			};
			buildConfigurationList = AD7CC9EC28B8B93E00595DD4 /* Build configuration list for PBXProject "NewFeed" */;
			compatibilityVersion = "Xcode 13.0";
			developmentRegion = en;
			hasScannedForEncodings = 0;
			knownRegions = (
				en,
				Base,
			);
			mainGroup = AD7CC9E828B8B93E00595DD4;
			productRefGroup = AD7CC9F228B8B93E00595DD4 /* Products */;
			projectDirPath = "";
			projectRoot = "";
			targets = (
				AD7CC9F028B8B93E00595DD4 /* NewFeed */,
			);
		};
/* End PBXProject section */

/* Begin PBXResourcesBuildPhase section */
		AD7CC9EF28B8B93E00595DD4 /* Resources */ = {
			isa = PBXResourcesBuildPhase;
			buildActionMask = 2147483647;
			files = (
				AD7CCA0128B8B94000595DD4 /* LaunchScreen.storyboard in Resources */,
				AD7CC9FE28B8B94000595DD4 /* Assets.xcassets in Resources */,
			);
			runOnlyForDeploymentPostprocessing = 0;
		};
/* End PBXResourcesBuildPhase section */

/* Begin PBXShellScriptBuildPhase section */
		F36B978D98AE8EB944C5E2E5 /* [CP] Check Pods Manifest.lock */ = {
			isa = PBXShellScriptBuildPhase;
			buildActionMask = 2147483647;
			files = (
			);
			inputFileListPaths = (
			);
			inputPaths = (
				"${PODS_PODFILE_DIR_PATH}/Podfile.lock",
				"${PODS_ROOT}/Manifest.lock",
			);
			name = "[CP] Check Pods Manifest.lock";
			outputFileListPaths = (
			);
			outputPaths = (
				"$(DERIVED_FILE_DIR)/Pods-NewFeed-checkManifestLockResult.txt",
			);
			runOnlyForDeploymentPostprocessing = 0;
			shellPath = /bin/sh;
			shellScript = "diff \"${PODS_PODFILE_DIR_PATH}/Podfile.lock\" \"${PODS_ROOT}/Manifest.lock\" > /dev/null\nif [ $? != 0 ] ; then\n    # print error to STDERR\n    echo \"error: The sandbox is not in sync with the Podfile.lock. Run 'pod install' or update your CocoaPods installation.\" >&2\n    exit 1\nfi\n# This output is used by Xcode 'outputs' to avoid re-running this script phase.\necho \"SUCCESS\" > \"${SCRIPT_OUTPUT_FILE_0}\"\n";
			showEnvVarsInLog = 0;
		};
/* End PBXShellScriptBuildPhase section */

/* Begin PBXSourcesBuildPhase section */
		AD7CC9ED28B8B93E00595DD4 /* Sources */ = {
			isa = PBXSourcesBuildPhase;
			buildActionMask = 2147483647;
			files = (
				ADEFCAC628BE590F0054F9AB /* ACFBaseComponent.swift in Sources */,
				AD7CC9F928B8B93E00595DD4 /* ACFTopContainerViewController.swift in Sources */,
				ADEFCAC828BE59620054F9AB /* ACFFeedComponent.swift in Sources */,
				ADEFCABE28BDF66F0054F9AB /* ACFFeedSectionController.swift in Sources */,
				ADEFCAB828BDEE5D0054F9AB /* ACFEntryViewController.swift in Sources */,
				ADEFCAC228BE57170054F9AB /* ACFSectionController.swift in Sources */,
				ADEFCABC28BDF6640054F9AB /* ACFCameraSectionController.swift in Sources */,
				ADEFCACC28BE5E7F0054F9AB /* ACFSharedModel.swift in Sources */,
				AD7CC9F528B8B93E00595DD4 /* AppDelegate.swift in Sources */,
				ADEFCACA28BE5CB70054F9AB /* SimpleContainer.swift in Sources */,
				ADEFCAB628BDEE010054F9AB /* ACFCameraViewController.swift in Sources */,
				ADEFCABA28BDEF8F0054F9AB /* ACFCameraCell.swift in Sources */,
			);
			runOnlyForDeploymentPostprocessing = 0;
		};
/* End PBXSourcesBuildPhase section */

/* Begin PBXVariantGroup section */
		AD7CC9FF28B8B94000595DD4 /* LaunchScreen.storyboard */ = {
			isa = PBXVariantGroup;
			children = (
				AD7CCA0028B8B94000595DD4 /* Base */,
			);
			name = LaunchScreen.storyboard;
			sourceTree = "<group>";
		};
/* End PBXVariantGroup section */

/* Begin XCBuildConfiguration section */
		AD7CCA0328B8B94000595DD4 /* Debug */ = {
			isa = XCBuildConfiguration;
			buildSettings = {
				ALWAYS_SEARCH_USER_PATHS = NO;
				CLANG_ANALYZER_NONNULL = YES;
				CLANG_ANALYZER_NUMBER_OBJECT_CONVERSION = YES_AGGRESSIVE;
				CLANG_CXX_LANGUAGE_STANDARD = "gnu++17";
				CLANG_CXX_LIBRARY = "libc++";
				CLANG_ENABLE_MODULES = YES;
				CLANG_ENABLE_OBJC_ARC = YES;
				CLANG_ENABLE_OBJC_WEAK = YES;
				CLANG_WARN_BLOCK_CAPTURE_AUTORELEASING = YES;
				CLANG_WARN_BOOL_CONVERSION = YES;
				CLANG_WARN_COMMA = YES;
				CLANG_WARN_CONSTANT_CONVERSION = YES;
				CLANG_WARN_DEPRECATED_OBJC_IMPLEMENTATIONS = YES;
				CLANG_WARN_DIRECT_OBJC_ISA_USAGE = YES_ERROR;
				CLANG_WARN_DOCUMENTATION_COMMENTS = YES;
				CLANG_WARN_EMPTY_BODY = YES;
				CLANG_WARN_ENUM_CONVERSION = YES;
				CLANG_WARN_INFINITE_RECURSION = YES;
				CLANG_WARN_INT_CONVERSION = YES;
				CLANG_WARN_NON_LITERAL_NULL_CONVERSION = YES;
				CLANG_WARN_OBJC_IMPLICIT_RETAIN_SELF = YES;
				CLANG_WARN_OBJC_LITERAL_CONVERSION = YES;
				CLANG_WARN_OBJC_ROOT_CLASS = YES_ERROR;
				CLANG_WARN_QUOTED_INCLUDE_IN_FRAMEWORK_HEADER = YES;
				CLANG_WARN_RANGE_LOOP_ANALYSIS = YES;
				CLANG_WARN_STRICT_PROTOTYPES = YES;
				CLANG_WARN_SUSPICIOUS_MOVE = YES;
				CLANG_WARN_UNGUARDED_AVAILABILITY = YES_AGGRESSIVE;
				CLANG_WARN_UNREACHABLE_CODE = YES;
				CLANG_WARN__DUPLICATE_METHOD_MATCH = YES;
				COPY_PHASE_STRIP = NO;
				DEBUG_INFORMATION_FORMAT = dwarf;
				ENABLE_STRICT_OBJC_MSGSEND = YES;
				ENABLE_TESTABILITY = YES;
				GCC_C_LANGUAGE_STANDARD = gnu11;
				GCC_DYNAMIC_NO_PIC = NO;
				GCC_NO_COMMON_BLOCKS = YES;
				GCC_OPTIMIZATION_LEVEL = 0;
				GCC_PREPROCESSOR_DEFINITIONS = (
					"DEBUG=1",
					"$(inherited)",
				);
				GCC_WARN_64_TO_32_BIT_CONVERSION = YES;
				GCC_WARN_ABOUT_RETURN_TYPE = YES_ERROR;
				GCC_WARN_UNDECLARED_SELECTOR = YES;
				GCC_WARN_UNINITIALIZED_AUTOS = YES_AGGRESSIVE;
				GCC_WARN_UNUSED_FUNCTION = YES;
				GCC_WARN_UNUSED_VARIABLE = YES;
				IPHONEOS_DEPLOYMENT_TARGET = 10.0;
				MTL_ENABLE_DEBUG_INFO = INCLUDE_SOURCE;
				MTL_FAST_MATH = YES;
				ONLY_ACTIVE_ARCH = YES;
				SDKROOT = iphoneos;
				SWIFT_ACTIVE_COMPILATION_CONDITIONS = DEBUG;
				SWIFT_OPTIMIZATION_LEVEL = "-Onone";
			};
			name = Debug;
		};
		AD7CCA0428B8B94000595DD4 /* Release */ = {
			isa = XCBuildConfiguration;
			buildSettings = {
				ALWAYS_SEARCH_USER_PATHS = NO;
				CLANG_ANALYZER_NONNULL = YES;
				CLANG_ANALYZER_NUMBER_OBJECT_CONVERSION = YES_AGGRESSIVE;
				CLANG_CXX_LANGUAGE_STANDARD = "gnu++17";
				CLANG_CXX_LIBRARY = "libc++";
				CLANG_ENABLE_MODULES = YES;
				CLANG_ENABLE_OBJC_ARC = YES;
				CLANG_ENABLE_OBJC_WEAK = YES;
				CLANG_WARN_BLOCK_CAPTURE_AUTORELEASING = YES;
				CLANG_WARN_BOOL_CONVERSION = YES;
				CLANG_WARN_COMMA = YES;
				CLANG_WARN_CONSTANT_CONVERSION = YES;
				CLANG_WARN_DEPRECATED_OBJC_IMPLEMENTATIONS = YES;
				CLANG_WARN_DIRECT_OBJC_ISA_USAGE = YES_ERROR;
				CLANG_WARN_DOCUMENTATION_COMMENTS = YES;
				CLANG_WARN_EMPTY_BODY = YES;
				CLANG_WARN_ENUM_CONVERSION = YES;
				CLANG_WARN_INFINITE_RECURSION = YES;
				CLANG_WARN_INT_CONVERSION = YES;
				CLANG_WARN_NON_LITERAL_NULL_CONVERSION = YES;
				CLANG_WARN_OBJC_IMPLICIT_RETAIN_SELF = YES;
				CLANG_WARN_OBJC_LITERAL_CONVERSION = YES;
				CLANG_WARN_OBJC_ROOT_CLASS = YES_ERROR;
				CLANG_WARN_QUOTED_INCLUDE_IN_FRAMEWORK_HEADER = YES;
				CLANG_WARN_RANGE_LOOP_ANALYSIS = YES;
				CLANG_WARN_STRICT_PROTOTYPES = YES;
				CLANG_WARN_SUSPICIOUS_MOVE = YES;
				CLANG_WARN_UNGUARDED_AVAILABILITY = YES_AGGRESSIVE;
				CLANG_WARN_UNREACHABLE_CODE = YES;
				CLANG_WARN__DUPLICATE_METHOD_MATCH = YES;
				COPY_PHASE_STRIP = NO;
				DEBUG_INFORMATION_FORMAT = "dwarf-with-dsym";
				ENABLE_NS_ASSERTIONS = NO;
				ENABLE_STRICT_OBJC_MSGSEND = YES;
				GCC_C_LANGUAGE_STANDARD = gnu11;
				GCC_NO_COMMON_BLOCKS = YES;
				GCC_WARN_64_TO_32_BIT_CONVERSION = YES;
				GCC_WARN_ABOUT_RETURN_TYPE = YES_ERROR;
				GCC_WARN_UNDECLARED_SELECTOR = YES;
				GCC_WARN_UNINITIALIZED_AUTOS = YES_AGGRESSIVE;
				GCC_WARN_UNUSED_FUNCTION = YES;
				GCC_WARN_UNUSED_VARIABLE = YES;
				IPHONEOS_DEPLOYMENT_TARGET = 10.0;
				MTL_ENABLE_DEBUG_INFO = NO;
				MTL_FAST_MATH = YES;
				SDKROOT = iphoneos;
				SWIFT_COMPILATION_MODE = wholemodule;
				SWIFT_OPTIMIZATION_LEVEL = "-O";
				VALIDATE_PRODUCT = YES;
			};
			name = Release;
		};
		AD7CCA0628B8B94000595DD4 /* Debug */ = {
			isa = XCBuildConfiguration;
			baseConfigurationReference = 7EF5CD065073A9EE5D5B65F3 /* Pods-NewFeed.debug.xcconfig */;
			buildSettings = {
				ASSETCATALOG_COMPILER_APPICON_NAME = AppIcon;
				ASSETCATALOG_COMPILER_GLOBAL_ACCENT_COLOR_NAME = AccentColor;
				CODE_SIGN_STYLE = Automatic;
				CURRENT_PROJECT_VERSION = 1;
				DEVELOPMENT_TEAM = XSZS29FLX9;
				GENERATE_INFOPLIST_FILE = YES;
				INFOPLIST_FILE = NewFeed/Info.plist;
				INFOPLIST_KEY_UIApplicationSupportsIndirectInputEvents = YES;
				INFOPLIST_KEY_UILaunchStoryboardName = LaunchScreen;
				INFOPLIST_KEY_UISupportedInterfaceOrientations_iPad = "UIInterfaceOrientationPortrait UIInterfaceOrientationPortraitUpsideDown UIInterfaceOrientationLandscapeLeft UIInterfaceOrientationLandscapeRight";
				INFOPLIST_KEY_UISupportedInterfaceOrientations_iPhone = "UIInterfaceOrientationPortrait UIInterfaceOrientationLandscapeLeft UIInterfaceOrientationLandscapeRight";
				LD_RUNPATH_SEARCH_PATHS = (
					"$(inherited)",
					"@executable_path/Frameworks",
				);
				MARKETING_VERSION = 1.0;
				PRODUCT_BUNDLE_IDENTIFIER = org.un.NewFeed;
				PRODUCT_NAME = "$(TARGET_NAME)";
				SWIFT_EMIT_LOC_STRINGS = YES;
				SWIFT_VERSION = 5.0;
				TARGETED_DEVICE_FAMILY = "1,2";
			};
			name = Debug;
		};
		AD7CCA0728B8B94000595DD4 /* Release */ = {
			isa = XCBuildConfiguration;
			baseConfigurationReference = 0920CDFA62A5D8009DA3AEB8 /* Pods-NewFeed.release.xcconfig */;
			buildSettings = {
				ASSETCATALOG_COMPILER_APPICON_NAME = AppIcon;
				ASSETCATALOG_COMPILER_GLOBAL_ACCENT_COLOR_NAME = AccentColor;
				CODE_SIGN_STYLE = Automatic;
				CURRENT_PROJECT_VERSION = 1;
				DEVELOPMENT_TEAM = XSZS29FLX9;
				GENERATE_INFOPLIST_FILE = YES;
				INFOPLIST_FILE = NewFeed/Info.plist;
				INFOPLIST_KEY_UIApplicationSupportsIndirectInputEvents = YES;
				INFOPLIST_KEY_UILaunchStoryboardName = LaunchScreen;
				INFOPLIST_KEY_UISupportedInterfaceOrientations_iPad = "UIInterfaceOrientationPortrait UIInterfaceOrientationPortraitUpsideDown UIInterfaceOrientationLandscapeLeft UIInterfaceOrientationLandscapeRight";
				INFOPLIST_KEY_UISupportedInterfaceOrientations_iPhone = "UIInterfaceOrientationPortrait UIInterfaceOrientationLandscapeLeft UIInterfaceOrientationLandscapeRight";
				LD_RUNPATH_SEARCH_PATHS = (
					"$(inherited)",
					"@executable_path/Frameworks",
				);
				MARKETING_VERSION = 1.0;
				PRODUCT_BUNDLE_IDENTIFIER = org.un.NewFeed;
				PRODUCT_NAME = "$(TARGET_NAME)";
				SWIFT_EMIT_LOC_STRINGS = YES;
				SWIFT_VERSION = 5.0;
				TARGETED_DEVICE_FAMILY = "1,2";
			};
			name = Release;
		};
/* End XCBuildConfiguration section */

/* Begin XCConfigurationList section */
		AD7CC9EC28B8B93E00595DD4 /* Build configuration list for PBXProject "NewFeed" */ = {
			isa = XCConfigurationList;
			buildConfigurations = (
				AD7CCA0328B8B94000595DD4 /* Debug */,
				AD7CCA0428B8B94000595DD4 /* Release */,
			);
			defaultConfigurationIsVisible = 0;
			defaultConfigurationName = Release;
		};
		AD7CCA0528B8B94000595DD4 /* Build configuration list for PBXNativeTarget "NewFeed" */ = {
			isa = XCConfigurationList;
			buildConfigurations = (
				AD7CCA0628B8B94000595DD4 /* Debug */,
				AD7CCA0728B8B94000595DD4 /* Release */,
			);
			defaultConfigurationIsVisible = 0;
			defaultConfigurationName = Release;
		};
/* End XCConfigurationList section */
	};
	rootObject = AD7CC9E928B8B93E00595DD4 /* Project object */;
}
